
Microsoft Visual Studio Solution File, Format Version 12.00
# Visual Studio 2012
Project("{2150E333-8FDC-42A3-9474-1A3956D46DE8}") = "Web", "Web", "{C92481D5-4D59-4448-A9AA-D602131FA3E8}"
EndProject
Project("{2150E333-8FDC-42A3-9474-1A3956D46DE8}") = "Repository", "Repository", "{F31BF44C-30ED-4843-998D-D29C01ABCD01}"
EndProject
Project("{2150E333-8FDC-42A3-9474-1A3956D46DE8}") = "Logic", "Logic", "{FE9C3B48-60FA-4877-B145-C5901D9478A7}"
EndProject
Project("{FAE04EC0-301F-11D3-BF4B-00C04F79EFBC}") = "Web", "Web\Web.csproj", "{41D89B73-CF64-40BD-8E76-B45887818B58}"
EndProject
Global
	GlobalSection(SolutionConfigurationPlatforms) = preSolution
		Debug|Any CPU = Debug|Any CPU
		Release|Any CPU = Release|Any CPU
	EndGlobalSection
	GlobalSection(ProjectConfigurationPlatforms) = postSolution
		{41D89B73-CF64-40BD-8E76-B45887818B58}.Debug|Any CPU.ActiveCfg = Debug|Any CPU
		{41D89B73-CF64-40BD-8E76-B45887818B58}.Debug|Any CPU.Build.0 = Debug|Any CPU
		{41D89B73-CF64-40BD-8E76-B45887818B58}.Release|Any CPU.ActiveCfg = Release|Any CPU
		{41D89B73-CF64-40BD-8E76-B45887818B58}.Release|Any CPU.Build.0 = Release|Any CPU
	EndGlobalSection
	GlobalSection(SolutionProperties) = preSolution
		HideSolutionNode = FALSE
	EndGlobalSection
	GlobalSection(NestedProjects) = preSolution
		{41D89B73-CF64-40BD-8E76-B45887818B58} = {C92481D5-4D59-4448-A9AA-D602131FA3E8}
	EndGlobalSection
EndGlobal
